
Microsoft Visual Studio Solution File, Format Version 12.00
# Visual Studio Version 17
VisualStudioVersion = 17.3.32901.215
MinimumVisualStudioVersion = 10.0.40219.1
Project("{FAE04EC0-301F-11D3-BF4B-00C04F79EFBC}") = "Server", "Server\Server.csproj", "{36830A9C-531B-493A-9C30-7980534422C6}"
EndProject
Project("{FAE04EC0-301F-11D3-BF4B-00C04F79EFBC}") = "Client", "Client\Client.csproj", "{D5BEBF48-3216-49C8-AAC0-697E07BCA595}"
EndProject
Global
	GlobalSection(SolutionConfigurationPlatforms) = preSolution
		Debug|Any CPU = Debug|Any CPU
		Release|Any CPU = Release|Any CPU
	EndGlobalSection
	GlobalSection(ProjectConfigurationPlatforms) = postSolution
		{36830A9C-531B-493A-9C30-7980534422C6}.Debug|Any CPU.ActiveCfg = Debug|Any CPU
		{36830A9C-531B-493A-9C30-7980534422C6}.Debug|Any CPU.Build.0 = Debug|Any CPU
		{36830A9C-531B-493A-9C30-7980534422C6}.Release|Any CPU.ActiveCfg = Release|Any CPU
		{36830A9C-531B-493A-9C30-7980534422C6}.Release|Any CPU.Build.0 = Release|Any CPU
		{D5BEBF48-3216-49C8-AAC0-697E07BCA595}.Debug|Any CPU.ActiveCfg = Debug|Any CPU
		{D5BEBF48-3216-49C8-AAC0-697E07BCA595}.Debug|Any CPU.Build.0 = Debug|Any CPU
		{D5BEBF48-3216-49C8-AAC0-697E07BCA595}.Release|Any CPU.ActiveCfg = Release|Any CPU
		{D5BEBF48-3216-49C8-AAC0-697E07BCA595}.Release|Any CPU.Build.0 = Release|Any CPU
	EndGlobalSection
	GlobalSection(SolutionProperties) = preSolution
		HideSolutionNode = FALSE
	EndGlobalSection
	GlobalSection(ExtensibilityGlobals) = postSolution
		SolutionGuid = {2D6C0177-99B2-4DB5-A4C5-69F29E8A43DF}
	EndGlobalSection
EndGlobal
